
Microsoft Visual Studio Solution File, Format Version 12.00
# Visual Studio Version 17
VisualStudioVersion = 17.9.34723.18
MinimumVisualStudioVersion = 10.0.40219.1
Project("{9A19103F-16F7-4668-BE54-9A1E7A4F7556}") = "L1_SignalR_NumberGuessingGame", "L1_SignalR_NumberGuessingGame\L1_SignalR_NumberGuessingGame.csproj", "{6708EB04-7D74-4047-9E61-408636F81FAC}"
EndProject
Project("{9A19103F-16F7-4668-BE54-9A1E7A4F7556}") = "LR2_Blazor_SignalR_SharedNotes", "LR2_Blazor_SignalR_SharedNotes\LR2_Blazor_SignalR_SharedNotes.csproj", "{E6EE47B0-2610-47B7-B43A-D5E0B5FB9AB2}"
EndProject
Project("{2150E333-8FDC-42A3-9474-1A3956D46DE8}") = "Blockchain", "Blockchain", "{CC1EA43E-7566-4ACE-A4CD-3C1CAF5AC14A}"
EndProject
Project("{9A19103F-16F7-4668-BE54-9A1E7A4F7556}") = "LR1_BlockchainPrototype", "LR1_BlockchainPrototype\LR1_BlockchainPrototype.csproj", "{BD5CC3CD-6040-4747-AB19-755C87DB489D}"
EndProject
Project("{9A19103F-16F7-4668-BE54-9A1E7A4F7556}") = "LR2_BlockchainAPI", "LR2_BlockchainAPI\LR2_BlockchainAPI.csproj", "{59474FEE-A36F-4B2F-A3D7-B0DE8078F795}"
EndProject
Project("{9A19103F-16F7-4668-BE54-9A1E7A4F7556}") = "Shared", "Shared\Shared.csproj", "{C6B5CB63-0ED7-4224-9C1F-C348635CBCCE}"
EndProject
Project("{9A19103F-16F7-4668-BE54-9A1E7A4F7556}") = "LR5_HashComparison", "LR5_HashComparison\LR5_HashComparison.csproj", "{E83D916D-FFDE-4E26-80B1-6BFE9B9BD9B5}"
EndProject
Project("{9A19103F-16F7-4668-BE54-9A1E7A4F7556}") = "LR6_ImageSimilarity", "LR6_ImageSimilarity\LR6_ImageSimilarity.csproj", "{9FBF5245-34A8-4586-BA90-BAF065E952C4}"
EndProject
Project("{9A19103F-16F7-4668-BE54-9A1E7A4F7556}") = "LR7_DES_RSA", "LR7_DES_RSA\LR7_DES_RSA.csproj", "{6873A19E-2758-40F0-9B39-A04D590B43AA}"
EndProject
Project("{9A19103F-16F7-4668-BE54-9A1E7A4F7556}") = "LR8_Hamming74", "LR8_Hamming74\LR8_Hamming74.csproj", "{104C630A-7B51-4853-B021-803CCA33B730}"
EndProject
Project("{2150E333-8FDC-42A3-9474-1A3956D46DE8}") = "SignalR_gRPC_GraphQL", "SignalR_gRPC_GraphQL", "{50E502F7-4F56-4753-9186-A7E5B593E5A4}"
EndProject
Project("{9A19103F-16F7-4668-BE54-9A1E7A4F7556}") = "LR3_gRPC_Server", "LR3_gRPC_Server\LR3_gRPC_Server.csproj", "{3A6F9564-5714-46DE-A56E-8AE8D52B81BB}"
EndProject
Project("{2150E333-8FDC-42A3-9474-1A3956D46DE8}") = "LR3_gRPC_Weather", "LR3_gRPC_Weather", "{2194853B-74AA-4AEF-899A-66B28B7767CB}"
EndProject
Project("{9A19103F-16F7-4668-BE54-9A1E7A4F7556}") = "LR3_gRPC_ConsoleClient", "LR3_gRPC_ConsoleClient\LR3_gRPC_ConsoleClient.csproj", "{CD1D2A4A-F8A5-4576-ABA7-78AE5213F87F}"
EndProject
Project("{2150E333-8FDC-42A3-9474-1A3956D46DE8}") = "LR4_gRPC_Web_Chat", "LR4_gRPC_Web_Chat", "{F1BDE84A-4331-4471-BCB4-B225C39C7B9D}"
EndProject
Project("{9A19103F-16F7-4668-BE54-9A1E7A4F7556}") = "LR4_gRPC_Chat_Server", "LR4_gRPC_Chat_Server\LR4_gRPC_Chat_Server.csproj", "{A6CFC130-9189-46DD-8840-C8E1E0754168}"
EndProject
Project("{2150E333-8FDC-42A3-9474-1A3956D46DE8}") = "LR4_gRPC_Chat_ClientJS", "LR4_gRPC_Chat_ClientJS", "{18CA6BEF-2B2F-43F6-BC7B-76AAAA8709CD}"
EndProject
Project("{2150E333-8FDC-42A3-9474-1A3956D46DE8}") = "DataAnalytics", "DataAnalytics", "{BEBA5444-FDAC-4FE4-B3AF-2363C610452D}"
EndProject
Project("{C9674DCB-5085-4A16-B785-4C70DD1589BD}") = "LR4_IntegrationServicesProject_Dreamworks", "LR4_IntegrationServicesProject_Dreamworks\LR4_IntegrationServicesProject_Dreamworks.dtproj", "{3124B375-D69A-4067-BFD6-6F42590479E5}"
EndProject
Global
	GlobalSection(SolutionConfigurationPlatforms) = preSolution
		Debug|Any CPU = Debug|Any CPU
		Development|Any CPU = Development|Any CPU
		Release|Any CPU = Release|Any CPU
	EndGlobalSection
	GlobalSection(ProjectConfigurationPlatforms) = postSolution
		{6708EB04-7D74-4047-9E61-408636F81FAC}.Debug|Any CPU.ActiveCfg = Debug|Any CPU
		{6708EB04-7D74-4047-9E61-408636F81FAC}.Debug|Any CPU.Build.0 = Debug|Any CPU
		{6708EB04-7D74-4047-9E61-408636F81FAC}.Development|Any CPU.ActiveCfg = Debug|Any CPU
		{6708EB04-7D74-4047-9E61-408636F81FAC}.Development|Any CPU.Build.0 = Debug|Any CPU
		{6708EB04-7D74-4047-9E61-408636F81FAC}.Release|Any CPU.ActiveCfg = Release|Any CPU
		{6708EB04-7D74-4047-9E61-408636F81FAC}.Release|Any CPU.Build.0 = Release|Any CPU
		{E6EE47B0-2610-47B7-B43A-D5E0B5FB9AB2}.Debug|Any CPU.ActiveCfg = Debug|Any CPU
		{E6EE47B0-2610-47B7-B43A-D5E0B5FB9AB2}.Debug|Any CPU.Build.0 = Debug|Any CPU
		{E6EE47B0-2610-47B7-B43A-D5E0B5FB9AB2}.Development|Any CPU.ActiveCfg = Debug|Any CPU
		{E6EE47B0-2610-47B7-B43A-D5E0B5FB9AB2}.Development|Any CPU.Build.0 = Debug|Any CPU
		{E6EE47B0-2610-47B7-B43A-D5E0B5FB9AB2}.Release|Any CPU.ActiveCfg = Release|Any CPU
		{E6EE47B0-2610-47B7-B43A-D5E0B5FB9AB2}.Release|Any CPU.Build.0 = Release|Any CPU
		{BD5CC3CD-6040-4747-AB19-755C87DB489D}.Debug|Any CPU.ActiveCfg = Debug|Any CPU
		{BD5CC3CD-6040-4747-AB19-755C87DB489D}.Debug|Any CPU.Build.0 = Debug|Any CPU
		{BD5CC3CD-6040-4747-AB19-755C87DB489D}.Development|Any CPU.ActiveCfg = Debug|Any CPU
		{BD5CC3CD-6040-4747-AB19-755C87DB489D}.Development|Any CPU.Build.0 = Debug|Any CPU
		{BD5CC3CD-6040-4747-AB19-755C87DB489D}.Release|Any CPU.ActiveCfg = Release|Any CPU
		{BD5CC3CD-6040-4747-AB19-755C87DB489D}.Release|Any CPU.Build.0 = Release|Any CPU
		{59474FEE-A36F-4B2F-A3D7-B0DE8078F795}.Debug|Any CPU.ActiveCfg = Debug|Any CPU
		{59474FEE-A36F-4B2F-A3D7-B0DE8078F795}.Debug|Any CPU.Build.0 = Debug|Any CPU
		{59474FEE-A36F-4B2F-A3D7-B0DE8078F795}.Development|Any CPU.ActiveCfg = Debug|Any CPU
		{59474FEE-A36F-4B2F-A3D7-B0DE8078F795}.Development|Any CPU.Build.0 = Debug|Any CPU
		{59474FEE-A36F-4B2F-A3D7-B0DE8078F795}.Release|Any CPU.ActiveCfg = Release|Any CPU
		{59474FEE-A36F-4B2F-A3D7-B0DE8078F795}.Release|Any CPU.Build.0 = Release|Any CPU
		{C6B5CB63-0ED7-4224-9C1F-C348635CBCCE}.Debug|Any CPU.ActiveCfg = Debug|Any CPU
		{C6B5CB63-0ED7-4224-9C1F-C348635CBCCE}.Debug|Any CPU.Build.0 = Debug|Any CPU
		{C6B5CB63-0ED7-4224-9C1F-C348635CBCCE}.Development|Any CPU.ActiveCfg = Debug|Any CPU
		{C6B5CB63-0ED7-4224-9C1F-C348635CBCCE}.Development|Any CPU.Build.0 = Debug|Any CPU
		{C6B5CB63-0ED7-4224-9C1F-C348635CBCCE}.Release|Any CPU.ActiveCfg = Release|Any CPU
		{C6B5CB63-0ED7-4224-9C1F-C348635CBCCE}.Release|Any CPU.Build.0 = Release|Any CPU
		{E83D916D-FFDE-4E26-80B1-6BFE9B9BD9B5}.Debug|Any CPU.ActiveCfg = Debug|Any CPU
		{E83D916D-FFDE-4E26-80B1-6BFE9B9BD9B5}.Debug|Any CPU.Build.0 = Debug|Any CPU
		{E83D916D-FFDE-4E26-80B1-6BFE9B9BD9B5}.Development|Any CPU.ActiveCfg = Debug|Any CPU
		{E83D916D-FFDE-4E26-80B1-6BFE9B9BD9B5}.Development|Any CPU.Build.0 = Debug|Any CPU
		{E83D916D-FFDE-4E26-80B1-6BFE9B9BD9B5}.Release|Any CPU.ActiveCfg = Release|Any CPU
		{E83D916D-FFDE-4E26-80B1-6BFE9B9BD9B5}.Release|Any CPU.Build.0 = Release|Any CPU
		{9FBF5245-34A8-4586-BA90-BAF065E952C4}.Debug|Any CPU.ActiveCfg = Debug|Any CPU
		{9FBF5245-34A8-4586-BA90-BAF065E952C4}.Debug|Any CPU.Build.0 = Debug|Any CPU
		{9FBF5245-34A8-4586-BA90-BAF065E952C4}.Development|Any CPU.ActiveCfg = Debug|Any CPU
		{9FBF5245-34A8-4586-BA90-BAF065E952C4}.Development|Any CPU.Build.0 = Debug|Any CPU
		{9FBF5245-34A8-4586-BA90-BAF065E952C4}.Release|Any CPU.ActiveCfg = Release|Any CPU
		{9FBF5245-34A8-4586-BA90-BAF065E952C4}.Release|Any CPU.Build.0 = Release|Any CPU
		{6873A19E-2758-40F0-9B39-A04D590B43AA}.Debug|Any CPU.ActiveCfg = Debug|Any CPU
		{6873A19E-2758-40F0-9B39-A04D590B43AA}.Debug|Any CPU.Build.0 = Debug|Any CPU
		{6873A19E-2758-40F0-9B39-A04D590B43AA}.Development|Any CPU.ActiveCfg = Debug|Any CPU
		{6873A19E-2758-40F0-9B39-A04D590B43AA}.Development|Any CPU.Build.0 = Debug|Any CPU
		{6873A19E-2758-40F0-9B39-A04D590B43AA}.Release|Any CPU.ActiveCfg = Release|Any CPU
		{6873A19E-2758-40F0-9B39-A04D590B43AA}.Release|Any CPU.Build.0 = Release|Any CPU
		{104C630A-7B51-4853-B021-803CCA33B730}.Debug|Any CPU.ActiveCfg = Debug|Any CPU
		{104C630A-7B51-4853-B021-803CCA33B730}.Debug|Any CPU.Build.0 = Debug|Any CPU
		{104C630A-7B51-4853-B021-803CCA33B730}.Development|Any CPU.ActiveCfg = Debug|Any CPU
		{104C630A-7B51-4853-B021-803CCA33B730}.Development|Any CPU.Build.0 = Debug|Any CPU
		{104C630A-7B51-4853-B021-803CCA33B730}.Release|Any CPU.ActiveCfg = Release|Any CPU
		{104C630A-7B51-4853-B021-803CCA33B730}.Release|Any CPU.Build.0 = Release|Any CPU
		{3A6F9564-5714-46DE-A56E-8AE8D52B81BB}.Debug|Any CPU.ActiveCfg = Debug|Any CPU
		{3A6F9564-5714-46DE-A56E-8AE8D52B81BB}.Debug|Any CPU.Build.0 = Debug|Any CPU
		{3A6F9564-5714-46DE-A56E-8AE8D52B81BB}.Development|Any CPU.ActiveCfg = Debug|Any CPU
		{3A6F9564-5714-46DE-A56E-8AE8D52B81BB}.Development|Any CPU.Build.0 = Debug|Any CPU
		{3A6F9564-5714-46DE-A56E-8AE8D52B81BB}.Release|Any CPU.ActiveCfg = Release|Any CPU
		{3A6F9564-5714-46DE-A56E-8AE8D52B81BB}.Release|Any CPU.Build.0 = Release|Any CPU
		{CD1D2A4A-F8A5-4576-ABA7-78AE5213F87F}.Debug|Any CPU.ActiveCfg = Debug|Any CPU
		{CD1D2A4A-F8A5-4576-ABA7-78AE5213F87F}.Debug|Any CPU.Build.0 = Debug|Any CPU
		{CD1D2A4A-F8A5-4576-ABA7-78AE5213F87F}.Development|Any CPU.ActiveCfg = Debug|Any CPU
		{CD1D2A4A-F8A5-4576-ABA7-78AE5213F87F}.Development|Any CPU.Build.0 = Debug|Any CPU
		{CD1D2A4A-F8A5-4576-ABA7-78AE5213F87F}.Release|Any CPU.ActiveCfg = Release|Any CPU
		{CD1D2A4A-F8A5-4576-ABA7-78AE5213F87F}.Release|Any CPU.Build.0 = Release|Any CPU
		{A6CFC130-9189-46DD-8840-C8E1E0754168}.Debug|Any CPU.ActiveCfg = Debug|Any CPU
		{A6CFC130-9189-46DD-8840-C8E1E0754168}.Debug|Any CPU.Build.0 = Debug|Any CPU
		{A6CFC130-9189-46DD-8840-C8E1E0754168}.Development|Any CPU.ActiveCfg = Debug|Any CPU
		{A6CFC130-9189-46DD-8840-C8E1E0754168}.Development|Any CPU.Build.0 = Debug|Any CPU
		{A6CFC130-9189-46DD-8840-C8E1E0754168}.Release|Any CPU.ActiveCfg = Release|Any CPU
		{A6CFC130-9189-46DD-8840-C8E1E0754168}.Release|Any CPU.Build.0 = Release|Any CPU
		{3124B375-D69A-4067-BFD6-6F42590479E5}.Debug|Any CPU.ActiveCfg = Development
		{3124B375-D69A-4067-BFD6-6F42590479E5}.Debug|Any CPU.Build.0 = Development
		{3124B375-D69A-4067-BFD6-6F42590479E5}.Development|Any CPU.ActiveCfg = Development
		{3124B375-D69A-4067-BFD6-6F42590479E5}.Development|Any CPU.Build.0 = Development
		{3124B375-D69A-4067-BFD6-6F42590479E5}.Release|Any CPU.ActiveCfg = Development
		{3124B375-D69A-4067-BFD6-6F42590479E5}.Release|Any CPU.Build.0 = Development
	EndGlobalSection
	GlobalSection(SolutionProperties) = preSolution
		HideSolutionNode = FALSE
	EndGlobalSection
	GlobalSection(NestedProjects) = preSolution
		{6708EB04-7D74-4047-9E61-408636F81FAC} = {50E502F7-4F56-4753-9186-A7E5B593E5A4}
		{E6EE47B0-2610-47B7-B43A-D5E0B5FB9AB2} = {50E502F7-4F56-4753-9186-A7E5B593E5A4}
		{BD5CC3CD-6040-4747-AB19-755C87DB489D} = {CC1EA43E-7566-4ACE-A4CD-3C1CAF5AC14A}
		{59474FEE-A36F-4B2F-A3D7-B0DE8078F795} = {CC1EA43E-7566-4ACE-A4CD-3C1CAF5AC14A}
		{C6B5CB63-0ED7-4224-9C1F-C348635CBCCE} = {CC1EA43E-7566-4ACE-A4CD-3C1CAF5AC14A}
		{E83D916D-FFDE-4E26-80B1-6BFE9B9BD9B5} = {CC1EA43E-7566-4ACE-A4CD-3C1CAF5AC14A}
		{9FBF5245-34A8-4586-BA90-BAF065E952C4} = {CC1EA43E-7566-4ACE-A4CD-3C1CAF5AC14A}
		{6873A19E-2758-40F0-9B39-A04D590B43AA} = {CC1EA43E-7566-4ACE-A4CD-3C1CAF5AC14A}
		{104C630A-7B51-4853-B021-803CCA33B730} = {CC1EA43E-7566-4ACE-A4CD-3C1CAF5AC14A}
		{3A6F9564-5714-46DE-A56E-8AE8D52B81BB} = {2194853B-74AA-4AEF-899A-66B28B7767CB}
		{2194853B-74AA-4AEF-899A-66B28B7767CB} = {50E502F7-4F56-4753-9186-A7E5B593E5A4}
		{CD1D2A4A-F8A5-4576-ABA7-78AE5213F87F} = {2194853B-74AA-4AEF-899A-66B28B7767CB}
		{F1BDE84A-4331-4471-BCB4-B225C39C7B9D} = {50E502F7-4F56-4753-9186-A7E5B593E5A4}
		{A6CFC130-9189-46DD-8840-C8E1E0754168} = {F1BDE84A-4331-4471-BCB4-B225C39C7B9D}
		{18CA6BEF-2B2F-43F6-BC7B-76AAAA8709CD} = {F1BDE84A-4331-4471-BCB4-B225C39C7B9D}
		{3124B375-D69A-4067-BFD6-6F42590479E5} = {BEBA5444-FDAC-4FE4-B3AF-2363C610452D}
	EndGlobalSection
	GlobalSection(ExtensibilityGlobals) = postSolution
		SolutionGuid = {3C6A13FB-CE53-46A9-B51D-41EF8D10DE19}
	EndGlobalSection
EndGlobal
